// !$*UTF8*$!
{
	archiveVersion = 1;
	classes = {
	};
	objectVersion = 50;
	objects = {

/* Begin PBXBuildFile section */
		52698614222BEDD90019E144 /* AppDelegate.swift in Sources */ = {isa = PBXBuildFile; fileRef = 52698613222BEDD90019E144 /* AppDelegate.swift */; };
		52698616222BEDD90019E144 /* ViewController.swift in Sources */ = {isa = PBXBuildFile; fileRef = 52698615222BEDD90019E144 /* ViewController.swift */; };
		52698619222BEDD90019E144 /* Main.storyboard in Resources */ = {isa = PBXBuildFile; fileRef = 52698617222BEDD90019E144 /* Main.storyboard */; };
		5269861B222BEDD90019E144 /* Assets.xcassets in Resources */ = {isa = PBXBuildFile; fileRef = 5269861A222BEDD90019E144 /* Assets.xcassets */; };
		5269861E222BEDD90019E144 /* LaunchScreen.storyboard in Resources */ = {isa = PBXBuildFile; fileRef = 5269861C222BEDD90019E144 /* LaunchScreen.storyboard */; };
		CFDC98863658957C1F97A832 /* Pods_RxSwift_BlackJack.framework in Frameworks */ = {isa = PBXBuildFile; fileRef = 4C6A14D5294033FA9FE04B94 /* Pods_RxSwift_BlackJack.framework */; };
/* End PBXBuildFile section */

/* Begin PBXFileReference section */
		4C6A14D5294033FA9FE04B94 /* Pods_RxSwift_BlackJack.framework */ = {isa = PBXFileReference; explicitFileType = wrapper.framework; includeInIndex = 0; path = Pods_RxSwift_BlackJack.framework; sourceTree = BUILT_PRODUCTS_DIR; };
		52698610222BEDD90019E144 /* RxSwift_BlackJack.app */ = {isa = PBXFileReference; explicitFileType = wrapper.application; includeInIndex = 0; path = RxSwift_BlackJack.app; sourceTree = BUILT_PRODUCTS_DIR; };
		52698613222BEDD90019E144 /* AppDelegate.swift */ = {isa = PBXFileReference; lastKnownFileType = sourcecode.swift; path = AppDelegate.swift; sourceTree = "<group>"; };
		52698615222BEDD90019E144 /* ViewController.swift */ = {isa = PBXFileReference; lastKnownFileType = sourcecode.swift; path = ViewController.swift; sourceTree = "<group>"; };
		52698618222BEDD90019E144 /* Base */ = {isa = PBXFileReference; lastKnownFileType = file.storyboard; name = Base; path = Base.lproj/Main.storyboard; sourceTree = "<group>"; };
		5269861A222BEDD90019E144 /* Assets.xcassets */ = {isa = PBXFileReference; lastKnownFileType = folder.assetcatalog; path = Assets.xcassets; sourceTree = "<group>"; };
		5269861D222BEDD90019E144 /* Base */ = {isa = PBXFileReference; lastKnownFileType = file.storyboard; name = Base; path = Base.lproj/LaunchScreen.storyboard; sourceTree = "<group>"; };
		5269861F222BEDD90019E144 /* Info.plist */ = {isa = PBXFileReference; lastKnownFileType = text.plist.xml; path = Info.plist; sourceTree = "<group>"; };
		7CAB41C12D144746237D2EEA /* Pods-RxSwift_BlackJack.debug.xcconfig */ = {isa = PBXFileReference; includeInIndex = 1; lastKnownFileType = text.xcconfig; name = "Pods-RxSwift_BlackJack.debug.xcconfig"; path = "Pods/Target Support Files/Pods-RxSwift_BlackJack/Pods-RxSwift_BlackJack.debug.xcconfig"; sourceTree = "<group>"; };
		E17A6A37D45FE07E970528CC /* Pods-RxSwift_BlackJack.release.xcconfig */ = {isa = PBXFileReference; includeInIndex = 1; lastKnownFileType = text.xcconfig; name = "Pods-RxSwift_BlackJack.release.xcconfig"; path = "Pods/Target Support Files/Pods-RxSwift_BlackJack/Pods-RxSwift_BlackJack.release.xcconfig"; sourceTree = "<group>"; };
/* End PBXFileReference section */

/* Begin PBXFrameworksBuildPhase section */
		5269860D222BEDD90019E144 /* Frameworks */ = {
			isa = PBXFrameworksBuildPhase;
			buildActionMask = 2147483647;
			files = (
				CFDC98863658957C1F97A832 /* Pods_RxSwift_BlackJack.framework in Frameworks */,
			);
			runOnlyForDeploymentPostprocessing = 0;
		};
/* End PBXFrameworksBuildPhase section */

/* Begin PBXGroup section */
		52698607222BEDD90019E144 = {
			isa = PBXGroup;
			children = (
				52698612222BEDD90019E144 /* RxSwift_BlackJack */,
				52698611222BEDD90019E144 /* Products */,
				8957FFFB904FDFA45ABC4B5D /* Pods */,
				B3A86496D05C56B568E09A41 /* Frameworks */,
			);
			sourceTree = "<group>";
		};
		52698611222BEDD90019E144 /* Products */ = {
			isa = PBXGroup;
			children = (
				52698610222BEDD90019E144 /* RxSwift_BlackJack.app */,
			);
			name = Products;
			sourceTree = "<group>";
		};
		52698612222BEDD90019E144 /* RxSwift_BlackJack */ = {
			isa = PBXGroup;
			children = (
				52698613222BEDD90019E144 /* AppDelegate.swift */,
				52698615222BEDD90019E144 /* ViewController.swift */,
				52698617222BEDD90019E144 /* Main.storyboard */,
				5269861A222BEDD90019E144 /* Assets.xcassets */,
				5269861C222BEDD90019E144 /* LaunchScreen.storyboard */,
				5269861F222BEDD90019E144 /* Info.plist */,
			);
			path = RxSwift_BlackJack;
			sourceTree = "<group>";
		};
		8957FFFB904FDFA45ABC4B5D /* Pods */ = {
			isa = PBXGroup;
			children = (
				7CAB41C12D144746237D2EEA /* Pods-RxSwift_BlackJack.debug.xcconfig */,
				E17A6A37D45FE07E970528CC /* Pods-RxSwift_BlackJack.release.xcconfig */,
			);
			name = Pods;
			sourceTree = "<group>";
		};
		B3A86496D05C56B568E09A41 /* Frameworks */ = {
			isa = PBXGroup;
			children = (
				4C6A14D5294033FA9FE04B94 /* Pods_RxSwift_BlackJack.framework */,
			);
			name = Frameworks;
			sourceTree = "<group>";
		};
/* End PBXGroup section */

/* Begin PBXNativeTarget section */
		5269860F222BEDD90019E144 /* RxSwift_BlackJack */ = {
			isa = PBXNativeTarget;
			buildConfigurationList = 52698622222BEDD90019E144 /* Build configuration list for PBXNativeTarget "RxSwift_BlackJack" */;
			buildPhases = (
				DF8EEAC659CC98415F61255E /* [CP] Check Pods Manifest.lock */,
				5269860C222BEDD90019E144 /* Sources */,
				5269860D222BEDD90019E144 /* Frameworks */,
				5269860E222BEDD90019E144 /* Resources */,
				43048C13ABDCF57906DC839D /* [CP] Embed Pods Frameworks */,
			);
			buildRules = (
			);
			dependencies = (
			);
			name = RxSwift_BlackJack;
			productName = RxSwift_BlackJack;
			productReference = 52698610222BEDD90019E144 /* RxSwift_BlackJack.app */;
			productType = "com.apple.product-type.application";
		};
/* End PBXNativeTarget section */

/* Begin PBXProject section */
		52698608222BEDD90019E144 /* Project object */ = {
			isa = PBXProject;
			attributes = {
				LastSwiftUpdateCheck = 1010;
				LastUpgradeCheck = 1010;
				ORGANIZATIONNAME = RxSwiftStudy;
				TargetAttributes = {
					5269860F222BEDD90019E144 = {
						CreatedOnToolsVersion = 10.1;
					};
				};
			};
			buildConfigurationList = 5269860B222BEDD90019E144 /* Build configuration list for PBXProject "RxSwift_BlackJack" */;
			compatibilityVersion = "Xcode 9.3";
			developmentRegion = en;
			hasScannedForEncodings = 0;
			knownRegions = (
				en,
				Base,
			);
			mainGroup = 52698607222BEDD90019E144;
			productRefGroup = 52698611222BEDD90019E144 /* Products */;
			projectDirPath = "";
			projectRoot = "";
			targets = (
				5269860F222BEDD90019E144 /* RxSwift_BlackJack */,
			);
		};
/* End PBXProject section */

/* Begin PBXResourcesBuildPhase section */
		5269860E222BEDD90019E144 /* Resources */ = {
			isa = PBXResourcesBuildPhase;
			buildActionMask = 2147483647;
			files = (
				5269861E222BEDD90019E144 /* LaunchScreen.storyboard in Resources */,
				5269861B222BEDD90019E144 /* Assets.xcassets in Resources */,
				52698619222BEDD90019E144 /* Main.storyboard in Resources */,
			);
			runOnlyForDeploymentPostprocessing = 0;
		};
/* End PBXResourcesBuildPhase section */

/* Begin PBXShellScriptBuildPhase section */
		43048C13ABDCF57906DC839D /* [CP] Embed Pods Frameworks */ = {
			isa = PBXShellScriptBuildPhase;
			buildActionMask = 2147483647;
			files = (
			);
			inputFileListPaths = (
			);
			inputPaths = (
				"${SRCROOT}/Pods/Target Support Files/Pods-RxSwift_BlackJack/Pods-RxSwift_BlackJack-frameworks.sh",
				"${BUILT_PRODUCTS_DIR}/RxAtomic/RxAtomic.framework",
				"${BUILT_PRODUCTS_DIR}/RxCocoa/RxCocoa.framework",
				"${BUILT_PRODUCTS_DIR}/RxSwift/RxSwift.framework",
			);
			name = "[CP] Embed Pods Frameworks";
			outputFileListPaths = (
			);
			outputPaths = (
				"${TARGET_BUILD_DIR}/${FRAMEWORKS_FOLDER_PATH}/RxAtomic.framework",
				"${TARGET_BUILD_DIR}/${FRAMEWORKS_FOLDER_PATH}/RxCocoa.framework",
				"${TARGET_BUILD_DIR}/${FRAMEWORKS_FOLDER_PATH}/RxSwift.framework",
			);
			runOnlyForDeploymentPostprocessing = 0;
			shellPath = /bin/sh;
			shellScript = "\"${SRCROOT}/Pods/Target Support Files/Pods-RxSwift_BlackJack/Pods-RxSwift_BlackJack-frameworks.sh\"\n";
			showEnvVarsInLog = 0;
		};
		DF8EEAC659CC98415F61255E /* [CP] Check Pods Manifest.lock */ = {
			isa = PBXShellScriptBuildPhase;
			buildActionMask = 2147483647;
			files = (
			);
			inputFileListPaths = (
			);
			inputPaths = (
				"${PODS_PODFILE_DIR_PATH}/Podfile.lock",
				"${PODS_ROOT}/Manifest.lock",
			);
			name = "[CP] Check Pods Manifest.lock";
			outputFileListPaths = (
			);
			outputPaths = (
				"$(DERIVED_FILE_DIR)/Pods-RxSwift_BlackJack-checkManifestLockResult.txt",
			);
			runOnlyForDeploymentPostprocessing = 0;
			shellPath = /bin/sh;
			shellScript = "diff \"${PODS_PODFILE_DIR_PATH}/Podfile.lock\" \"${PODS_ROOT}/Manifest.lock\" > /dev/null\nif [ $? != 0 ] ; then\n    # print error to STDERR\n    echo \"error: The sandbox is not in sync with the Podfile.lock. Run 'pod install' or update your CocoaPods installation.\" >&2\n    exit 1\nfi\n# This output is used by Xcode 'outputs' to avoid re-running this script phase.\necho \"SUCCESS\" > \"${SCRIPT_OUTPUT_FILE_0}\"\n";
			showEnvVarsInLog = 0;
		};
/* End PBXShellScriptBuildPhase section */

/* Begin PBXSourcesBuildPhase section */
		5269860C222BEDD90019E144 /* Sources */ = {
			isa = PBXSourcesBuildPhase;
			buildActionMask = 2147483647;
			files = (
				52698616222BEDD90019E144 /* ViewController.swift in Sources */,
				52698614222BEDD90019E144 /* AppDelegate.swift in Sources */,
			);
			runOnlyForDeploymentPostprocessing = 0;
		};
/* End PBXSourcesBuildPhase section */

/* Begin PBXVariantGroup section */
		52698617222BEDD90019E144 /* Main.storyboard */ = {
			isa = PBXVariantGroup;
			children = (
				52698618222BEDD90019E144 /* Base */,
			);
			name = Main.storyboard;
			sourceTree = "<group>";
		};
		5269861C222BEDD90019E144 /* LaunchScreen.storyboard */ = {
			isa = PBXVariantGroup;
			children = (
				5269861D222BEDD90019E144 /* Base */,
			);
			name = LaunchScreen.storyboard;
			sourceTree = "<group>";
		};
/* End PBXVariantGroup section */

/* Begin XCBuildConfiguration section */
		52698620222BEDD90019E144 /* Debug */ = {
			isa = XCBuildConfiguration;
			buildSettings = {
				ALWAYS_SEARCH_USER_PATHS = NO;
				CLANG_ANALYZER_NONNULL = YES;
				CLANG_ANALYZER_NUMBER_OBJECT_CONVERSION = YES_AGGRESSIVE;
				CLANG_CXX_LANGUAGE_STANDARD = "gnu++14";
				CLANG_CXX_LIBRARY = "libc++";
				CLANG_ENABLE_MODULES = YES;
				CLANG_ENABLE_OBJC_ARC = YES;
				CLANG_ENABLE_OBJC_WEAK = YES;
				CLANG_WARN_BLOCK_CAPTURE_AUTORELEASING = YES;
				CLANG_WARN_BOOL_CONVERSION = YES;
				CLANG_WARN_COMMA = YES;
				CLANG_WARN_CONSTANT_CONVERSION = YES;
				CLANG_WARN_DEPRECATED_OBJC_IMPLEMENTATIONS = YES;
				CLANG_WARN_DIRECT_OBJC_ISA_USAGE = YES_ERROR;
				CLANG_WARN_DOCUMENTATION_COMMENTS = YES;
				CLANG_WARN_EMPTY_BODY = YES;
				CLANG_WARN_ENUM_CONVERSION = YES;
				CLANG_WARN_INFINITE_RECURSION = YES;
				CLANG_WARN_INT_CONVERSION = YES;
				CLANG_WARN_NON_LITERAL_NULL_CONVERSION = YES;
				CLANG_WARN_OBJC_IMPLICIT_RETAIN_SELF = YES;
				CLANG_WARN_OBJC_LITERAL_CONVERSION = YES;
				CLANG_WARN_OBJC_ROOT_CLASS = YES_ERROR;
				CLANG_WARN_RANGE_LOOP_ANALYSIS = YES;
				CLANG_WARN_STRICT_PROTOTYPES = YES;
				CLANG_WARN_SUSPICIOUS_MOVE = YES;
				CLANG_WARN_UNGUARDED_AVAILABILITY = YES_AGGRESSIVE;
				CLANG_WARN_UNREACHABLE_CODE = YES;
				CLANG_WARN__DUPLICATE_METHOD_MATCH = YES;
				CODE_SIGN_IDENTITY = "iPhone Developer";
				COPY_PHASE_STRIP = NO;
				DEBUG_INFORMATION_FORMAT = dwarf;
				ENABLE_STRICT_OBJC_MSGSEND = YES;
				ENABLE_TESTABILITY = YES;
				GCC_C_LANGUAGE_STANDARD = gnu11;
				GCC_DYNAMIC_NO_PIC = NO;
				GCC_NO_COMMON_BLOCKS = YES;
				GCC_OPTIMIZATION_LEVEL = 0;
				GCC_PREPROCESSOR_DEFINITIONS = (
					"DEBUG=1",
					"$(inherited)",
				);
				GCC_WARN_64_TO_32_BIT_CONVERSION = YES;
				GCC_WARN_ABOUT_RETURN_TYPE = YES_ERROR;
				GCC_WARN_UNDECLARED_SELECTOR = YES;
				GCC_WARN_UNINITIALIZED_AUTOS = YES_AGGRESSIVE;
				GCC_WARN_UNUSED_FUNCTION = YES;
				GCC_WARN_UNUSED_VARIABLE = YES;
				IPHONEOS_DEPLOYMENT_TARGET = 12.1;
				MTL_ENABLE_DEBUG_INFO = INCLUDE_SOURCE;
				MTL_FAST_MATH = YES;
				ONLY_ACTIVE_ARCH = YES;
				SDKROOT = iphoneos;
				SWIFT_ACTIVE_COMPILATION_CONDITIONS = DEBUG;
				SWIFT_OPTIMIZATION_LEVEL = "-Onone";
			};
			name = Debug;
		};
		52698621222BEDD90019E144 /* Release */ = {
			isa = XCBuildConfiguration;
			buildSettings = {
				ALWAYS_SEARCH_USER_PATHS = NO;
				CLANG_ANALYZER_NONNULL = YES;
				CLANG_ANALYZER_NUMBER_OBJECT_CONVERSION = YES_AGGRESSIVE;
				CLANG_CXX_LANGUAGE_STANDARD = "gnu++14";
				CLANG_CXX_LIBRARY = "libc++";
				CLANG_ENABLE_MODULES = YES;
				CLANG_ENABLE_OBJC_ARC = YES;
				CLANG_ENABLE_OBJC_WEAK = YES;
				CLANG_WARN_BLOCK_CAPTURE_AUTORELEASING = YES;
				CLANG_WARN_BOOL_CONVERSION = YES;
				CLANG_WARN_COMMA = YES;
				CLANG_WARN_CONSTANT_CONVERSION = YES;
				CLANG_WARN_DEPRECATED_OBJC_IMPLEMENTATIONS = YES;
				CLANG_WARN_DIRECT_OBJC_ISA_USAGE = YES_ERROR;
				CLANG_WARN_DOCUMENTATION_COMMENTS = YES;
				CLANG_WARN_EMPTY_BODY = YES;
				CLANG_WARN_ENUM_CONVERSION = YES;
				CLANG_WARN_INFINITE_RECURSION = YES;
				CLANG_WARN_INT_CONVERSION = YES;
				CLANG_WARN_NON_LITERAL_NULL_CONVERSION = YES;
				CLANG_WARN_OBJC_IMPLICIT_RETAIN_SELF = YES;
				CLANG_WARN_OBJC_LITERAL_CONVERSION = YES;
				CLANG_WARN_OBJC_ROOT_CLASS = YES_ERROR;
				CLANG_WARN_RANGE_LOOP_ANALYSIS = YES;
				CLANG_WARN_STRICT_PROTOTYPES = YES;
				CLANG_WARN_SUSPICIOUS_MOVE = YES;
				CLANG_WARN_UNGUARDED_AVAILABILITY = YES_AGGRESSIVE;
				CLANG_WARN_UNREACHABLE_CODE = YES;
				CLANG_WARN__DUPLICATE_METHOD_MATCH = YES;
				CODE_SIGN_IDENTITY = "iPhone Developer";
				COPY_PHASE_STRIP = NO;
				DEBUG_INFORMATION_FORMAT = "dwarf-with-dsym";
				ENABLE_NS_ASSERTIONS = NO;
				ENABLE_STRICT_OBJC_MSGSEND = YES;
				GCC_C_LANGUAGE_STANDARD = gnu11;
				GCC_NO_COMMON_BLOCKS = YES;
				GCC_WARN_64_TO_32_BIT_CONVERSION = YES;
				GCC_WARN_ABOUT_RETURN_TYPE = YES_ERROR;
				GCC_WARN_UNDECLARED_SELECTOR = YES;
				GCC_WARN_UNINITIALIZED_AUTOS = YES_AGGRESSIVE;
				GCC_WARN_UNUSED_FUNCTION = YES;
				GCC_WARN_UNUSED_VARIABLE = YES;
				IPHONEOS_DEPLOYMENT_TARGET = 12.1;
				MTL_ENABLE_DEBUG_INFO = NO;
				MTL_FAST_MATH = YES;
				SDKROOT = iphoneos;
				SWIFT_COMPILATION_MODE = wholemodule;
				SWIFT_OPTIMIZATION_LEVEL = "-O";
				VALIDATE_PRODUCT = YES;
			};
			name = Release;
		};
		52698623222BEDD90019E144 /* Debug */ = {
			isa = XCBuildConfiguration;
			baseConfigurationReference = 7CAB41C12D144746237D2EEA /* Pods-RxSwift_BlackJack.debug.xcconfig */;
			buildSettings = {
				ASSETCATALOG_COMPILER_APPICON_NAME = AppIcon;
				CODE_SIGN_STYLE = Automatic;
				DEVELOPMENT_TEAM = KB65UR5HX8;
				INFOPLIST_FILE = RxSwift_BlackJack/Info.plist;
				LD_RUNPATH_SEARCH_PATHS = (
					"$(inherited)",
					"@executable_path/Frameworks",
				);
				PRODUCT_BUNDLE_IDENTIFIER = "RxSwiftStudy.RxSwift-BlackJack";
				PRODUCT_NAME = "$(TARGET_NAME)";
				SWIFT_VERSION = 4.2;
				TARGETED_DEVICE_FAMILY = "1,2";
			};
			name = Debug;
		};
		52698624222BEDD90019E144 /* Release */ = {
			isa = XCBuildConfiguration;
			baseConfigurationReference = E17A6A37D45FE07E970528CC /* Pods-RxSwift_BlackJack.release.xcconfig */;
			buildSettings = {
				ASSETCATALOG_COMPILER_APPICON_NAME = AppIcon;
				CODE_SIGN_STYLE = Automatic;
				DEVELOPMENT_TEAM = KB65UR5HX8;
				INFOPLIST_FILE = RxSwift_BlackJack/Info.plist;
				LD_RUNPATH_SEARCH_PATHS = (
					"$(inherited)",
					"@executable_path/Frameworks",
				);
				PRODUCT_BUNDLE_IDENTIFIER = "RxSwiftStudy.RxSwift-BlackJack";
				PRODUCT_NAME = "$(TARGET_NAME)";
				SWIFT_VERSION = 4.2;
				TARGETED_DEVICE_FAMILY = "1,2";
			};
			name = Release;
		};
/* End XCBuildConfiguration section */

/* Begin XCConfigurationList section */
		5269860B222BEDD90019E144 /* Build configuration list for PBXProject "RxSwift_BlackJack" */ = {
			isa = XCConfigurationList;
			buildConfigurations = (
				52698620222BEDD90019E144 /* Debug */,
				52698621222BEDD90019E144 /* Release */,
			);
			defaultConfigurationIsVisible = 0;
			defaultConfigurationName = Release;
		};
		52698622222BEDD90019E144 /* Build configuration list for PBXNativeTarget "RxSwift_BlackJack" */ = {
			isa = XCConfigurationList;
			buildConfigurations = (
				52698623222BEDD90019E144 /* Debug */,
				52698624222BEDD90019E144 /* Release */,
			);
			defaultConfigurationIsVisible = 0;
			defaultConfigurationName = Release;
		};
/* End XCConfigurationList section */
	};
	rootObject = 52698608222BEDD90019E144 /* Project object */;
}
